
Microsoft Visual Studio Solution File, Format Version 12.00
Project("{FAE04EC0-301F-11D3-BF4B-00C04F79EFBC}") = "AskForPermission", "src\AskForPermission\AskForPermission.csproj", "{1DE56D88-ED11-4449-B545-0A627148E8C8}"
EndProject
Project("{FAE04EC0-301F-11D3-BF4B-00C04F79EFBC}") = "AskForPermissionDemo", "src\AskForPermissionDemo\AskForPermissionDemo.csproj", "{98225950-05C8-4A6E-AD68-08D6BFC9E47C}"
EndProject
Project("{9A19103F-16F7-4668-BE54-9A1E7A4F7556}") = "_build", "build\_build.csproj", "{733A4E9A-6B87-4E72-82DB-8E4176E7C56C}"
EndProject
Global
	GlobalSection(SolutionConfigurationPlatforms) = preSolution
		Debug|Any CPU = Debug|Any CPU
		Release|Any CPU = Release|Any CPU
	EndGlobalSection
	GlobalSection(ProjectConfigurationPlatforms) = postSolution
		{733A4E9A-6B87-4E72-82DB-8E4176E7C56C}.Debug|Any CPU.ActiveCfg = Debug|Any CPU
		{733A4E9A-6B87-4E72-82DB-8E4176E7C56C}.Release|Any CPU.ActiveCfg = Release|Any CPU
		{1DE56D88-ED11-4449-B545-0A627148E8C8}.Debug|Any CPU.ActiveCfg = Debug|Any CPU
		{1DE56D88-ED11-4449-B545-0A627148E8C8}.Debug|Any CPU.Build.0 = Debug|Any CPU
		{1DE56D88-ED11-4449-B545-0A627148E8C8}.Release|Any CPU.ActiveCfg = Release|Any CPU
		{1DE56D88-ED11-4449-B545-0A627148E8C8}.Release|Any CPU.Build.0 = Release|Any CPU
		{98225950-05C8-4A6E-AD68-08D6BFC9E47C}.Debug|Any CPU.ActiveCfg = Debug|Any CPU
		{98225950-05C8-4A6E-AD68-08D6BFC9E47C}.Debug|Any CPU.Build.0 = Debug|Any CPU
		{98225950-05C8-4A6E-AD68-08D6BFC9E47C}.Release|Any CPU.ActiveCfg = Release|Any CPU
		{98225950-05C8-4A6E-AD68-08D6BFC9E47C}.Release|Any CPU.Build.0 = Release|Any CPU
	EndGlobalSection
	GlobalSection(NestedProjects) = preSolution
	EndGlobalSection
EndGlobal
